RESTRICTION: == net6.0
NUGET
  remote: https://api.nuget.org/v3/index.json
    FSharp.Core (6.0) - redirects: force
    Microsoft.CodeCoverage (17.9)
    Microsoft.NET.Test.Sdk (17.9)
      Microsoft.CodeCoverage (>= 17.9)
      Microsoft.TestPlatform.TestHost (>= 17.9)
    Microsoft.TestPlatform.ObjectModel (17.9)
      System.Reflection.Metadata (>= 1.6)
    Microsoft.TestPlatform.TestHost (17.9)
      Microsoft.TestPlatform.ObjectModel (>= 17.9)
      Newtonsoft.Json (>= 13.0.1)
    Newtonsoft.Json (13.0.3)
    Nunit (4.1)
    NUnit3TestAdapter (4.5)
    System.Collections.Immutable (8.0)
      System.Runtime.CompilerServices.Unsafe (>= 6.0)
    System.Reflection.Metadata (8.0)
      System.Collections.Immutable (>= 8.0)
    System.Runtime.CompilerServices.Unsafe (6.0)
